// !$*UTF8*$!
{
	archiveVersion = 1;
	classes = {
	};
	objectVersion = 77;
	objects = {

/* Begin PBXBuildFile section */
		A1000101 /* MediaPipeTasksVision.xcframework in Frameworks */ = {isa = PBXBuildFile; fileRef = A1000111 /* MediaPipeTasksVision.xcframework */; };
		A1000102 /* MediaPipeTasksCommon.xcframework in Frameworks */ = {isa = PBXBuildFile; fileRef = A1000112 /* MediaPipeTasksCommon.xcframework */; };
/* End PBXBuildFile section */

/* Begin PBXFileReference section */
		A1000111 /* MediaPipeTasksVision.xcframework */ = {isa = PBXFileReference; lastKnownFileType = wrapper.xcframework; name = MediaPipeTasksVision.xcframework; path = Frameworks/vision/frameworks/MediaPipeTasksVision.xcframework; sourceTree = "<group>"; };
		A1000112 /* MediaPipeTasksCommon.xcframework */ = {isa = PBXFileReference; lastKnownFileType = wrapper.xcframework; name = MediaPipeTasksCommon.xcframework; path = Frameworks/common/frameworks/MediaPipeTasksCommon.xcframework; sourceTree = "<group>"; };
		A1000001 /* Auspice.app */ = {isa = PBXFileReference; explicitFileType = wrapper.application; includeInIndex = 0; path = Auspice.app; sourceTree = BUILT_PRODUCTS_DIR; };
/* End PBXFileReference section */

/* Begin PBXFileSystemSynchronizedRootGroup section */
		A1000002 /* Auspice */ = {
			isa = PBXFileSystemSynchronizedRootGroup;
			path = Auspice;
			sourceTree = "<group>";
		};
/* End PBXFileSystemSynchronizedRootGroup section */

/* Begin PBXFrameworksBuildPhase section */
		A1000010 /* Frameworks */ = {
			isa = PBXFrameworksBuildPhase;
			buildActionMask = 2147483647;
			files = (
				A1000101 /* MediaPipeTasksVision.xcframework in Frameworks */,
				A1000102 /* MediaPipeTasksCommon.xcframework in Frameworks */,
			);
			runOnlyForDeploymentPostprocessing = 0;
		};
/* End PBXFrameworksBuildPhase section */

/* Begin PBXGroup section */
		A1000020 = {
			isa = PBXGroup;
			children = (
				A1000002 /* Auspice */,
				A1000022 /* Frameworks */,
				A1000021 /* Products */,
			);
			sourceTree = "<group>";
		};
		A1000022 /* Frameworks */ = {
			isa = PBXGroup;
			children = (
				A1000111 /* MediaPipeTasksVision.xcframework */,
				A1000112 /* MediaPipeTasksCommon.xcframework */,
			);
			name = Frameworks;
			sourceTree = "<group>";
		};
		A1000021 /* Products */ = {
			isa = PBXGroup;
			children = (
				A1000001 /* Auspice.app */,
			);
			name = Products;
			sourceTree = "<group>";
		};
/* End PBXGroup section */

/* Begin PBXNativeTarget section */
		A1000030 /* Auspice */ = {
			isa = PBXNativeTarget;
			buildConfigurationList = A1000051 /* Build configuration list for PBXNativeTarget "Auspice" */;
			buildPhases = (
				A1000011 /* Sources */,
				A1000010 /* Frameworks */,
				A1000012 /* Resources */,
			);
			buildRules = (
			);
			dependencies = (
			);
			fileSystemSynchronizedGroups = (
				A1000002 /* Auspice */,
			);
			name = Auspice;
			productName = Auspice;
			productReference = A1000001 /* Auspice.app */;
			productType = "com.apple.product-type.application";
		};
/* End PBXNativeTarget section */

/* Begin PBXProject section */
		A1000040 /* Project object */ = {
			isa = PBXProject;
			attributes = {
				BuildIndependentTargetsInParallel = 1;
				LastSwiftUpdateCheck = 2630;
				LastUpgradeCheck = 2630;
				TargetAttributes = {
					A1000030 = {
						CreatedOnToolsVersion = 26.3;
					};
				};
			};
			buildConfigurationList = A1000050 /* Build configuration list for PBXProject "Auspice" */;
			developmentRegion = en;
			hasScannedForEncodings = 0;
			knownRegions = (
				en,
				"zh-Hans",
				Base,
			);
			mainGroup = A1000020;
			minimizedProjectReferenceProxies = 1;
			preferredProjectObjectVersion = 77;
			productRefGroup = A1000021 /* Products */;
			projectDirPath = "";
			projectRoot = "";
			targets = (
				A1000030 /* Auspice */,
			);
		};
/* End PBXProject section */

/* Begin PBXResourcesBuildPhase section */
		A1000012 /* Resources */ = {
			isa = PBXResourcesBuildPhase;
			buildActionMask = 2147483647;
			files = (
			);
			runOnlyForDeploymentPostprocessing = 0;
		};
/* End PBXResourcesBuildPhase section */

/* Begin PBXSourcesBuildPhase section */
		A1000011 /* Sources */ = {
			isa = PBXSourcesBuildPhase;
			buildActionMask = 2147483647;
			files = (
			);
			runOnlyForDeploymentPostprocessing = 0;
		};
/* End PBXSourcesBuildPhase section */

/* Begin XCBuildConfiguration section */
		A1000060 /* Debug */ = {
			isa = XCBuildConfiguration;
			buildSettings = {
				ALWAYS_SEARCH_USER_PATHS = NO;
				CLANG_ENABLE_MODULES = YES;
				CLANG_ENABLE_OBJC_ARC = YES;
				COPY_PHASE_STRIP = NO;
				ENABLE_STRICT_OBJC_MSGSEND = YES;
				ENABLE_USER_SCRIPT_SANDBOXING = YES;
				GCC_NO_COMMON_BLOCKS = YES;
				IPHONEOS_DEPLOYMENT_TARGET = 17.0;
				MTL_ENABLE_DEBUG_INFO = INCLUDE_SOURCE;
				ONLY_ACTIVE_ARCH = YES;
				SDKROOT = iphoneos;
				SWIFT_ACTIVE_COMPILATION_CONDITIONS = "DEBUG $(inherited)";
				SWIFT_OPTIMIZATION_LEVEL = "-Onone";
				SWIFT_VERSION = 5.0;
			};
			name = Debug;
		};
		A1000061 /* Release */ = {
			isa = XCBuildConfiguration;
			buildSettings = {
				ALWAYS_SEARCH_USER_PATHS = NO;
				CLANG_ENABLE_MODULES = YES;
				CLANG_ENABLE_OBJC_ARC = YES;
				COPY_PHASE_STRIP = NO;
				ENABLE_NS_ASSERTIONS = NO;
				ENABLE_STRICT_OBJC_MSGSEND = YES;
				ENABLE_USER_SCRIPT_SANDBOXING = YES;
				GCC_NO_COMMON_BLOCKS = YES;
				IPHONEOS_DEPLOYMENT_TARGET = 17.0;
				MTL_ENABLE_DEBUG_INFO = NO;
				SDKROOT = iphoneos;
				SWIFT_COMPILATION_MODE = wholemodule;
				SWIFT_VERSION = 5.0;
				VALIDATE_PRODUCT = YES;
			};
			name = Release;
		};
		A1000070 /* Debug */ = {
			isa = XCBuildConfiguration;
			buildSettings = {
				ASSETCATALOG_COMPILER_APPICON_NAME = AppIcon;
				ASSETCATALOG_COMPILER_GLOBAL_ACCENT_COLOR_NAME = AccentColor;
				CODE_SIGN_IDENTITY = "Apple Distribution";
				CODE_SIGN_STYLE = Manual;
				PROVISIONING_PROFILE_SPECIFIER = "Auspice App Store";
				CURRENT_PROJECT_VERSION = 6;
				DEVELOPMENT_TEAM = Q8M2S2FY77;
				ENABLE_PREVIEWS = YES;
				FRAMEWORK_SEARCH_PATHS = (
					"$(inherited)",
					"$(SRCROOT)/Frameworks/vision/frameworks",
					"$(SRCROOT)/Frameworks/common/frameworks",
				);
				"OTHER_LDFLAGS[sdk=iphoneos*]" = "$(inherited) -ObjC -lc++ -force_load \"$(SRCROOT)/Frameworks/common/frameworks/graph_libraries/libMediaPipeTasksCommon_device_graph.a\" -framework AudioToolbox -framework Accelerate -framework CoreMedia -framework CoreGraphics -framework CoreImage -framework QuartzCore -framework AVFoundation -framework CoreVideo";
				"OTHER_LDFLAGS[sdk=iphonesimulator*]" = "$(inherited) -ObjC -lc++ -force_load \"$(SRCROOT)/Frameworks/common/frameworks/graph_libraries/libMediaPipeTasksCommon_simulator_graph.a\" -framework AudioToolbox -framework Accelerate -framework CoreMedia -framework CoreGraphics -framework CoreImage -framework QuartzCore -framework AVFoundation -framework CoreVideo";
				GENERATE_INFOPLIST_FILE = NO;
				INFOPLIST_FILE = Info.plist;
				INFOPLIST_KEY_UIApplicationSceneManifest_Generation = NO;
				LD_RUNPATH_SEARCH_PATHS = (
					"$(inherited)",
					"@executable_path/Frameworks",
				);
				MARKETING_VERSION = 0.1.0;
				PRODUCT_BUNDLE_IDENTIFIER = art.lazying.auspice;
				PRODUCT_NAME = "$(TARGET_NAME)";
				SWIFT_EMIT_LOC_STRINGS = YES;
				TARGETED_DEVICE_FAMILY = "1,2";
			};
			name = Debug;
		};
		A1000071 /* Release */ = {
			isa = XCBuildConfiguration;
			buildSettings = {
				ASSETCATALOG_COMPILER_APPICON_NAME = AppIcon;
				ASSETCATALOG_COMPILER_GLOBAL_ACCENT_COLOR_NAME = AccentColor;
				CODE_SIGN_IDENTITY = "Apple Distribution";
				CODE_SIGN_STYLE = Manual;
				PROVISIONING_PROFILE_SPECIFIER = "Auspice App Store";
				CURRENT_PROJECT_VERSION = 6;
				DEVELOPMENT_TEAM = Q8M2S2FY77;
				ENABLE_PREVIEWS = YES;
				FRAMEWORK_SEARCH_PATHS = (
					"$(inherited)",
					"$(SRCROOT)/Frameworks/vision/frameworks",
					"$(SRCROOT)/Frameworks/common/frameworks",
				);
				"OTHER_LDFLAGS[sdk=iphoneos*]" = "$(inherited) -ObjC -lc++ -force_load \"$(SRCROOT)/Frameworks/common/frameworks/graph_libraries/libMediaPipeTasksCommon_device_graph.a\" -framework AudioToolbox -framework Accelerate -framework CoreMedia -framework CoreGraphics -framework CoreImage -framework QuartzCore -framework AVFoundation -framework CoreVideo";
				"OTHER_LDFLAGS[sdk=iphonesimulator*]" = "$(inherited) -ObjC -lc++ -force_load \"$(SRCROOT)/Frameworks/common/frameworks/graph_libraries/libMediaPipeTasksCommon_simulator_graph.a\" -framework AudioToolbox -framework Accelerate -framework CoreMedia -framework CoreGraphics -framework CoreImage -framework QuartzCore -framework AVFoundation -framework CoreVideo";
				GENERATE_INFOPLIST_FILE = NO;
				INFOPLIST_FILE = Info.plist;
				INFOPLIST_KEY_UIApplicationSceneManifest_Generation = NO;
				LD_RUNPATH_SEARCH_PATHS = (
					"$(inherited)",
					"@executable_path/Frameworks",
				);
				MARKETING_VERSION = 0.1.0;
				PRODUCT_BUNDLE_IDENTIFIER = art.lazying.auspice;
				PRODUCT_NAME = "$(TARGET_NAME)";
				SWIFT_EMIT_LOC_STRINGS = YES;
				TARGETED_DEVICE_FAMILY = "1,2";
			};
			name = Release;
		};
/* End XCBuildConfiguration section */

/* Begin XCConfigurationList section */
		A1000050 /* Build configuration list for PBXProject "Auspice" */ = {
			isa = XCConfigurationList;
			buildConfigurations = (
				A1000060 /* Debug */,
				A1000061 /* Release */,
			);
			defaultConfigurationIsVisible = 0;
			defaultConfigurationName = Release;
		};
		A1000051 /* Build configuration list for PBXNativeTarget "Auspice" */ = {
			isa = XCConfigurationList;
			buildConfigurations = (
				A1000070 /* Debug */,
				A1000071 /* Release */,
			);
			defaultConfigurationIsVisible = 0;
			defaultConfigurationName = Release;
		};
/* End XCConfigurationList section */
	};
	rootObject = A1000040 /* Project object */;
}
