// !$*UTF8*$!
{
	archiveVersion = 1;
	classes = {
	};
	objectVersion = 77;
	objects = {

/* Begin PBXBuildFile section */
		91E2051D6C93565EC952EA83 /* AuspiceUITests.swift in Sources */ = {isa = PBXBuildFile; fileRef = 6B6F9FF10DA1E06F0C715E9A /* AuspiceUITests.swift */; };
		A1000101 /* MediaPipeTasksVision.xcframework in Frameworks */ = {isa = PBXBuildFile; fileRef = A1000111 /* MediaPipeTasksVision.xcframework */; };
		A1000102 /* MediaPipeTasksCommon.xcframework in Frameworks */ = {isa = PBXBuildFile; fileRef = A1000112 /* MediaPipeTasksCommon.xcframework */; };
		BABF71821B909786089C3594 /* Foundation.framework in Frameworks */ = {isa = PBXBuildFile; fileRef = CF748D45923B60818C5B8EE2 /* Foundation.framework */; };
/* End PBXBuildFile section */

/* Begin PBXContainerItemProxy section */
		982EE928AC1C40DC92ABF414 /* PBXContainerItemProxy */ = {
			isa = PBXContainerItemProxy;
			containerPortal = A1000040 /* Project object */;
			proxyType = 1;
			remoteGlobalIDString = A1000030;
			remoteInfo = Auspice;
		};
/* End PBXContainerItemProxy section */

/* Begin PBXFileReference section */
		6B6F9FF10DA1E06F0C715E9A /* AuspiceUITests.swift */ = {isa = PBXFileReference; includeInIndex = 1; lastKnownFileType = sourcecode.swift; path = AuspiceUITests.swift; sourceTree = "<group>"; };
		78E970ABA8F6B22478D2B406 /* AuspiceUITests.xctest */ = {isa = PBXFileReference; explicitFileType = wrapper.cfbundle; includeInIndex = 0; path = AuspiceUITests.xctest; sourceTree = BUILT_PRODUCTS_DIR; };
		A1000001 /* Auspice.app */ = {isa = PBXFileReference; explicitFileType = wrapper.application; includeInIndex = 0; path = Auspice.app; sourceTree = BUILT_PRODUCTS_DIR; };
		A1000111 /* MediaPipeTasksVision.xcframework */ = {isa = PBXFileReference; lastKnownFileType = wrapper.xcframework; name = MediaPipeTasksVision.xcframework; path = Frameworks/vision/frameworks/MediaPipeTasksVision.xcframework; sourceTree = "<group>"; };
		A1000112 /* MediaPipeTasksCommon.xcframework */ = {isa = PBXFileReference; lastKnownFileType = wrapper.xcframework; name = MediaPipeTasksCommon.xcframework; path = Frameworks/common/frameworks/MediaPipeTasksCommon.xcframework; sourceTree = "<group>"; };
		CF748D45923B60818C5B8EE2 /* Foundation.framework */ = {isa = PBXFileReference; lastKnownFileType = wrapper.framework; name = Foundation.framework; path = Platforms/iPhoneOS.platform/Developer/SDKs/iPhoneOS26.0.sdk/System/Library/Frameworks/Foundation.framework; sourceTree = DEVELOPER_DIR; };
/* End PBXFileReference section */

/* Begin PBXFileSystemSynchronizedRootGroup section */
		A1000002 /* Auspice */ = {
			isa = PBXFileSystemSynchronizedRootGroup;
			exceptions = (
			);
			path = Auspice;
			sourceTree = "<group>";
		};
/* End PBXFileSystemSynchronizedRootGroup section */

/* Begin PBXFrameworksBuildPhase section */
		A1000010 /* Frameworks */ = {
			isa = PBXFrameworksBuildPhase;
			buildActionMask = 2147483647;
			files = (
				A1000101 /* MediaPipeTasksVision.xcframework in Frameworks */,
				A1000102 /* MediaPipeTasksCommon.xcframework in Frameworks */,
			);
			runOnlyForDeploymentPostprocessing = 0;
		};
		ADD2B350F66FB06C4F9DAE46 /* Frameworks */ = {
			isa = PBXFrameworksBuildPhase;
			buildActionMask = 2147483647;
			files = (
				BABF71821B909786089C3594 /* Foundation.framework in Frameworks */,
			);
			runOnlyForDeploymentPostprocessing = 0;
		};
/* End PBXFrameworksBuildPhase section */

/* Begin PBXGroup section */
		8F37C27FE26772FF1B43DEE7 /* AuspiceUITests */ = {
			isa = PBXGroup;
			children = (
				6B6F9FF10DA1E06F0C715E9A /* AuspiceUITests.swift */,
			);
			name = AuspiceUITests;
			path = AuspiceUITests;
			sourceTree = "<group>";
		};
		A0FED4966EC59C7D4B926BA7 /* iOS */ = {
			isa = PBXGroup;
			children = (
				CF748D45923B60818C5B8EE2 /* Foundation.framework */,
			);
			name = iOS;
			sourceTree = "<group>";
		};
		A1000020 = {
			isa = PBXGroup;
			children = (
				A1000002 /* Auspice */,
				A1000022 /* Frameworks */,
				A1000021 /* Products */,
				8F37C27FE26772FF1B43DEE7 /* AuspiceUITests */,
			);
			sourceTree = "<group>";
		};
		A1000021 /* Products */ = {
			isa = PBXGroup;
			children = (
				A1000001 /* Auspice.app */,
				78E970ABA8F6B22478D2B406 /* AuspiceUITests.xctest */,
			);
			name = Products;
			sourceTree = "<group>";
		};
		A1000022 /* Frameworks */ = {
			isa = PBXGroup;
			children = (
				A1000111 /* MediaPipeTasksVision.xcframework */,
				A1000112 /* MediaPipeTasksCommon.xcframework */,
				A0FED4966EC59C7D4B926BA7 /* iOS */,
			);
			name = Frameworks;
			sourceTree = "<group>";
		};
/* End PBXGroup section */

/* Begin PBXNativeTarget section */
		9C9C3057555CAC4884451B93 /* AuspiceUITests */ = {
			isa = PBXNativeTarget;
			buildConfigurationList = 553D79291110A9F59B59BCC1 /* Build configuration list for PBXNativeTarget "AuspiceUITests" */;
			buildPhases = (
				FFB2EC2C4E3248EE726D608A /* Sources */,
				ADD2B350F66FB06C4F9DAE46 /* Frameworks */,
				2B3EC7EF57F7010745FE0A53 /* Resources */,
			);
			buildRules = (
			);
			dependencies = (
				82574DD0A533EF23E4F3B33A /* PBXTargetDependency */,
			);
			name = AuspiceUITests;
			productName = AuspiceUITests;
			productReference = 78E970ABA8F6B22478D2B406 /* AuspiceUITests.xctest */;
			productType = "com.apple.product-type.bundle.ui-testing";
		};
		A1000030 /* Auspice */ = {
			isa = PBXNativeTarget;
			buildConfigurationList = A1000051 /* Build configuration list for PBXNativeTarget "Auspice" */;
			buildPhases = (
				A1000011 /* Sources */,
				A1000010 /* Frameworks */,
				A1000012 /* Resources */,
			);
			buildRules = (
			);
			dependencies = (
			);
			fileSystemSynchronizedGroups = (
				A1000002 /* Auspice */,
			);
			name = Auspice;
			productName = Auspice;
			productReference = A1000001 /* Auspice.app */;
			productType = "com.apple.product-type.application";
		};
/* End PBXNativeTarget section */

/* Begin PBXProject section */
		A1000040 /* Project object */ = {
			isa = PBXProject;
			attributes = {
				BuildIndependentTargetsInParallel = 1;
				LastSwiftUpdateCheck = 2630;
				LastUpgradeCheck = 2630;
				TargetAttributes = {
					A1000030 = {
						CreatedOnToolsVersion = 26.3;
					};
				};
			};
			buildConfigurationList = A1000050 /* Build configuration list for PBXProject "Auspice" */;
			developmentRegion = en;
			hasScannedForEncodings = 0;
			knownRegions = (
				en,
				"zh-Hans",
				Base,
			);
			mainGroup = A1000020;
			minimizedProjectReferenceProxies = 1;
			preferredProjectObjectVersion = 77;
			productRefGroup = A1000021 /* Products */;
			projectDirPath = "";
			projectRoot = "";
			targets = (
				A1000030 /* Auspice */,
				9C9C3057555CAC4884451B93 /* AuspiceUITests */,
			);
		};
/* End PBXProject section */

/* Begin PBXResourcesBuildPhase section */
		2B3EC7EF57F7010745FE0A53 /* Resources */ = {
			isa = PBXResourcesBuildPhase;
			buildActionMask = 2147483647;
			files = (
			);
			runOnlyForDeploymentPostprocessing = 0;
		};
		A1000012 /* Resources */ = {
			isa = PBXResourcesBuildPhase;
			buildActionMask = 2147483647;
			files = (
			);
			runOnlyForDeploymentPostprocessing = 0;
		};
/* End PBXResourcesBuildPhase section */

/* Begin PBXSourcesBuildPhase section */
		A1000011 /* Sources */ = {
			isa = PBXSourcesBuildPhase;
			buildActionMask = 2147483647;
			files = (
			);
			runOnlyForDeploymentPostprocessing = 0;
		};
		FFB2EC2C4E3248EE726D608A /* Sources */ = {
			isa = PBXSourcesBuildPhase;
			buildActionMask = 2147483647;
			files = (
				91E2051D6C93565EC952EA83 /* AuspiceUITests.swift in Sources */,
			);
			runOnlyForDeploymentPostprocessing = 0;
		};
/* End PBXSourcesBuildPhase section */

/* Begin PBXTargetDependency section */
		82574DD0A533EF23E4F3B33A /* PBXTargetDependency */ = {
			isa = PBXTargetDependency;
			name = Auspice;
			target = A1000030 /* Auspice */;
			targetProxy = 982EE928AC1C40DC92ABF414 /* PBXContainerItemProxy */;
		};
/* End PBXTargetDependency section */

/* Begin XCBuildConfiguration section */
		26F5DEBA820E2A77B3E9F07C /* Debug */ = {
			isa = XCBuildConfiguration;
			buildSettings = {
				CLANG_ENABLE_OBJC_WEAK = NO;
				GENERATE_INFOPLIST_FILE = YES;
				IPHONEOS_DEPLOYMENT_TARGET = 17.0;
				PRODUCT_BUNDLE_IDENTIFIER = art.lazying.auspice.uitests;
				PRODUCT_NAME = "$(TARGET_NAME)";
				SDKROOT = iphoneos;
				SWIFT_VERSION = 5.0;
				TARGETED_DEVICE_FAMILY = "1,2";
				TEST_TARGET_NAME = Auspice;
			};
			name = Debug;
		};
		403D2B73AB549D1FC482D4E2 /* Release */ = {
			isa = XCBuildConfiguration;
			buildSettings = {
				CLANG_ENABLE_OBJC_WEAK = NO;
				GENERATE_INFOPLIST_FILE = YES;
				IPHONEOS_DEPLOYMENT_TARGET = 17.0;
				PRODUCT_BUNDLE_IDENTIFIER = art.lazying.auspice.uitests;
				PRODUCT_NAME = "$(TARGET_NAME)";
				SDKROOT = iphoneos;
				SWIFT_VERSION = 5.0;
				TARGETED_DEVICE_FAMILY = "1,2";
				TEST_TARGET_NAME = Auspice;
				VALIDATE_PRODUCT = YES;
			};
			name = Release;
		};
		46C7AC8E0C89868FA58EFF9C /* LazyOracle Debug */ = {
			isa = XCBuildConfiguration;
			buildSettings = {
				APP_DISPLAY_NAME = LazyOracle;
				ASSETCATALOG_COMPILER_APPICON_NAME = LazyOracleIcon;
				ASSETCATALOG_COMPILER_GLOBAL_ACCENT_COLOR_NAME = AccentColor;
				CODE_SIGN_IDENTITY = "Apple Distribution";
				CODE_SIGN_STYLE = Manual;
				CURRENT_PROJECT_VERSION = 17;
				DEVELOPMENT_TEAM = Q8M2S2FY77;
				ENABLE_PREVIEWS = YES;
				FRAMEWORK_SEARCH_PATHS = (
					"$(inherited)",
					"$(SRCROOT)/Frameworks/vision/frameworks",
					"$(SRCROOT)/Frameworks/common/frameworks",
				);
				GENERATE_INFOPLIST_FILE = NO;
				INFOPLIST_FILE = Info.plist;
				INFOPLIST_KEY_UIApplicationSceneManifest_Generation = NO;
				LD_RUNPATH_SEARCH_PATHS = (
					"$(inherited)",
					"@executable_path/Frameworks",
				);
				MARKETING_VERSION = 1.0.0;
				"OTHER_LDFLAGS[sdk=iphoneos*]" = (
					"$(inherited)",
					"-ObjC",
					"-lc++",
					"-force_load",
					"\"$(SRCROOT)/Frameworks/common/frameworks/graph_libraries/libMediaPipeTasksCommon_device_graph.a\"",
					"-framework",
					AudioToolbox,
					"-framework",
					Accelerate,
					"-framework",
					CoreMedia,
					"-framework",
					CoreGraphics,
					"-framework",
					CoreImage,
					"-framework",
					QuartzCore,
					"-framework",
					AVFoundation,
					"-framework",
					CoreVideo,
				);
				"OTHER_LDFLAGS[sdk=iphonesimulator*]" = (
					"$(inherited)",
					"-ObjC",
					"-lc++",
					"-force_load",
					"\"$(SRCROOT)/Frameworks/common/frameworks/graph_libraries/libMediaPipeTasksCommon_simulator_graph.a\"",
					"-framework",
					AudioToolbox,
					"-framework",
					Accelerate,
					"-framework",
					CoreMedia,
					"-framework",
					CoreGraphics,
					"-framework",
					CoreImage,
					"-framework",
					QuartzCore,
					"-framework",
					AVFoundation,
					"-framework",
					CoreVideo,
				);
				PRODUCT_BUNDLE_IDENTIFIER = art.lazying.lazyoracle;
				PRODUCT_NAME = "$(TARGET_NAME)";
				PROVISIONING_PROFILE_SPECIFIER = "LazyOracle App Store 1";
				SWIFT_EMIT_LOC_STRINGS = YES;
				TARGETED_DEVICE_FAMILY = "1,2";
			};
			name = "LazyOracle Debug";
		};
		637CE8E5E4B21209AB06658A /* LazyOracle Release */ = {
			isa = XCBuildConfiguration;
			buildSettings = {
				CLANG_ENABLE_OBJC_WEAK = NO;
				GENERATE_INFOPLIST_FILE = YES;
				IPHONEOS_DEPLOYMENT_TARGET = 17.0;
				PRODUCT_BUNDLE_IDENTIFIER = art.lazying.auspice.uitests;
				PRODUCT_NAME = "$(TARGET_NAME)";
				SDKROOT = iphoneos;
				SWIFT_VERSION = 5.0;
				TARGETED_DEVICE_FAMILY = "1,2";
				TEST_TARGET_NAME = Auspice;
				VALIDATE_PRODUCT = YES;
			};
			name = "LazyOracle Release";
		};
		9931F2537D2758BB7C0BE6E3 /* LazyOracle Debug */ = {
			isa = XCBuildConfiguration;
			buildSettings = {
				ALWAYS_SEARCH_USER_PATHS = NO;
				CLANG_ENABLE_MODULES = YES;
				CLANG_ENABLE_OBJC_ARC = YES;
				COPY_PHASE_STRIP = NO;
				ENABLE_STRICT_OBJC_MSGSEND = YES;
				ENABLE_USER_SCRIPT_SANDBOXING = YES;
				GCC_NO_COMMON_BLOCKS = YES;
				IPHONEOS_DEPLOYMENT_TARGET = 17.0;
				MTL_ENABLE_DEBUG_INFO = INCLUDE_SOURCE;
				ONLY_ACTIVE_ARCH = YES;
				SDKROOT = iphoneos;
				SWIFT_ACTIVE_COMPILATION_CONDITIONS = "DEBUG $(inherited)";
				SWIFT_OPTIMIZATION_LEVEL = "-Onone";
				SWIFT_VERSION = 5.0;
			};
			name = "LazyOracle Debug";
		};
		A1000060 /* Debug */ = {
			isa = XCBuildConfiguration;
			buildSettings = {
				ALWAYS_SEARCH_USER_PATHS = NO;
				CLANG_ENABLE_MODULES = YES;
				CLANG_ENABLE_OBJC_ARC = YES;
				COPY_PHASE_STRIP = NO;
				ENABLE_STRICT_OBJC_MSGSEND = YES;
				ENABLE_USER_SCRIPT_SANDBOXING = YES;
				GCC_NO_COMMON_BLOCKS = YES;
				IPHONEOS_DEPLOYMENT_TARGET = 17.0;
				MTL_ENABLE_DEBUG_INFO = INCLUDE_SOURCE;
				ONLY_ACTIVE_ARCH = YES;
				SDKROOT = iphoneos;
				SWIFT_ACTIVE_COMPILATION_CONDITIONS = "DEBUG $(inherited)";
				SWIFT_OPTIMIZATION_LEVEL = "-Onone";
				SWIFT_VERSION = 5.0;
			};
			name = Debug;
		};
		A1000061 /* Release */ = {
			isa = XCBuildConfiguration;
			buildSettings = {
				ALWAYS_SEARCH_USER_PATHS = NO;
				CLANG_ENABLE_MODULES = YES;
				CLANG_ENABLE_OBJC_ARC = YES;
				COPY_PHASE_STRIP = NO;
				ENABLE_NS_ASSERTIONS = NO;
				ENABLE_STRICT_OBJC_MSGSEND = YES;
				ENABLE_USER_SCRIPT_SANDBOXING = YES;
				GCC_NO_COMMON_BLOCKS = YES;
				IPHONEOS_DEPLOYMENT_TARGET = 17.0;
				MTL_ENABLE_DEBUG_INFO = NO;
				SDKROOT = iphoneos;
				SWIFT_COMPILATION_MODE = wholemodule;
				SWIFT_VERSION = 5.0;
				VALIDATE_PRODUCT = YES;
			};
			name = Release;
		};
		A1000070 /* Debug */ = {
			isa = XCBuildConfiguration;
			buildSettings = {
				APP_DISPLAY_NAME = Auspice;
				ASSETCATALOG_COMPILER_APPICON_NAME = AppIcon;
				ASSETCATALOG_COMPILER_GLOBAL_ACCENT_COLOR_NAME = AccentColor;
				CODE_SIGN_IDENTITY = "Apple Distribution";
				CODE_SIGN_STYLE = Manual;
				CURRENT_PROJECT_VERSION = 9;
				DEVELOPMENT_TEAM = Q8M2S2FY77;
				ENABLE_PREVIEWS = YES;
				FRAMEWORK_SEARCH_PATHS = (
					"$(inherited)",
					"$(SRCROOT)/Frameworks/vision/frameworks",
					"$(SRCROOT)/Frameworks/common/frameworks",
				);
				GENERATE_INFOPLIST_FILE = NO;
				INFOPLIST_FILE = Info.plist;
				INFOPLIST_KEY_UIApplicationSceneManifest_Generation = NO;
				LD_RUNPATH_SEARCH_PATHS = (
					"$(inherited)",
					"@executable_path/Frameworks",
				);
				MARKETING_VERSION = 0.1.0;
				"OTHER_LDFLAGS[sdk=iphoneos*]" = (
					"$(inherited)",
					"-ObjC",
					"-lc++",
					"-force_load",
					"\"$(SRCROOT)/Frameworks/common/frameworks/graph_libraries/libMediaPipeTasksCommon_device_graph.a\"",
					"-framework",
					AudioToolbox,
					"-framework",
					Accelerate,
					"-framework",
					CoreMedia,
					"-framework",
					CoreGraphics,
					"-framework",
					CoreImage,
					"-framework",
					QuartzCore,
					"-framework",
					AVFoundation,
					"-framework",
					CoreVideo,
				);
				"OTHER_LDFLAGS[sdk=iphonesimulator*]" = (
					"$(inherited)",
					"-ObjC",
					"-lc++",
					"-force_load",
					"\"$(SRCROOT)/Frameworks/common/frameworks/graph_libraries/libMediaPipeTasksCommon_simulator_graph.a\"",
					"-framework",
					AudioToolbox,
					"-framework",
					Accelerate,
					"-framework",
					CoreMedia,
					"-framework",
					CoreGraphics,
					"-framework",
					CoreImage,
					"-framework",
					QuartzCore,
					"-framework",
					AVFoundation,
					"-framework",
					CoreVideo,
				);
				PRODUCT_BUNDLE_IDENTIFIER = art.lazying.auspice;
				PRODUCT_NAME = "$(TARGET_NAME)";
				PROVISIONING_PROFILE_SPECIFIER = "Auspice App Store";
				SWIFT_EMIT_LOC_STRINGS = YES;
				TARGETED_DEVICE_FAMILY = "1,2";
			};
			name = Debug;
		};
		A1000071 /* Release */ = {
			isa = XCBuildConfiguration;
			buildSettings = {
				APP_DISPLAY_NAME = Auspice;
				ASSETCATALOG_COMPILER_APPICON_NAME = AppIcon;
				ASSETCATALOG_COMPILER_GLOBAL_ACCENT_COLOR_NAME = AccentColor;
				CODE_SIGN_IDENTITY = "Apple Distribution";
				CODE_SIGN_STYLE = Manual;
				CURRENT_PROJECT_VERSION = 9;
				DEVELOPMENT_TEAM = Q8M2S2FY77;
				ENABLE_PREVIEWS = YES;
				FRAMEWORK_SEARCH_PATHS = (
					"$(inherited)",
					"$(SRCROOT)/Frameworks/vision/frameworks",
					"$(SRCROOT)/Frameworks/common/frameworks",
				);
				GENERATE_INFOPLIST_FILE = NO;
				INFOPLIST_FILE = Info.plist;
				INFOPLIST_KEY_UIApplicationSceneManifest_Generation = NO;
				LD_RUNPATH_SEARCH_PATHS = (
					"$(inherited)",
					"@executable_path/Frameworks",
				);
				MARKETING_VERSION = 0.1.0;
				"OTHER_LDFLAGS[sdk=iphoneos*]" = (
					"$(inherited)",
					"-ObjC",
					"-lc++",
					"-force_load",
					"\"$(SRCROOT)/Frameworks/common/frameworks/graph_libraries/libMediaPipeTasksCommon_device_graph.a\"",
					"-framework",
					AudioToolbox,
					"-framework",
					Accelerate,
					"-framework",
					CoreMedia,
					"-framework",
					CoreGraphics,
					"-framework",
					CoreImage,
					"-framework",
					QuartzCore,
					"-framework",
					AVFoundation,
					"-framework",
					CoreVideo,
				);
				"OTHER_LDFLAGS[sdk=iphonesimulator*]" = (
					"$(inherited)",
					"-ObjC",
					"-lc++",
					"-force_load",
					"\"$(SRCROOT)/Frameworks/common/frameworks/graph_libraries/libMediaPipeTasksCommon_simulator_graph.a\"",
					"-framework",
					AudioToolbox,
					"-framework",
					Accelerate,
					"-framework",
					CoreMedia,
					"-framework",
					CoreGraphics,
					"-framework",
					CoreImage,
					"-framework",
					QuartzCore,
					"-framework",
					AVFoundation,
					"-framework",
					CoreVideo,
				);
				PRODUCT_BUNDLE_IDENTIFIER = art.lazying.auspice;
				PRODUCT_NAME = "$(TARGET_NAME)";
				PROVISIONING_PROFILE_SPECIFIER = "Auspice App Store";
				SWIFT_EMIT_LOC_STRINGS = YES;
				TARGETED_DEVICE_FAMILY = "1,2";
			};
			name = Release;
		};
		D886704DDF724A58C20CB45F /* LazyOracle Release */ = {
			isa = XCBuildConfiguration;
			buildSettings = {
				APP_DISPLAY_NAME = LazyOracle;
				ASSETCATALOG_COMPILER_APPICON_NAME = LazyOracleIcon;
				ASSETCATALOG_COMPILER_GLOBAL_ACCENT_COLOR_NAME = AccentColor;
				CODE_SIGN_IDENTITY = "Apple Distribution";
				CODE_SIGN_STYLE = Manual;
				CURRENT_PROJECT_VERSION = 17;
				DEVELOPMENT_TEAM = Q8M2S2FY77;
				ENABLE_PREVIEWS = YES;
				FRAMEWORK_SEARCH_PATHS = (
					"$(inherited)",
					"$(SRCROOT)/Frameworks/vision/frameworks",
					"$(SRCROOT)/Frameworks/common/frameworks",
				);
				GENERATE_INFOPLIST_FILE = NO;
				INFOPLIST_FILE = Info.plist;
				INFOPLIST_KEY_UIApplicationSceneManifest_Generation = NO;
				LD_RUNPATH_SEARCH_PATHS = (
					"$(inherited)",
					"@executable_path/Frameworks",
				);
				MARKETING_VERSION = 1.0.0;
				"OTHER_LDFLAGS[sdk=iphoneos*]" = (
					"$(inherited)",
					"-ObjC",
					"-lc++",
					"-force_load",
					"\"$(SRCROOT)/Frameworks/common/frameworks/graph_libraries/libMediaPipeTasksCommon_device_graph.a\"",
					"-framework",
					AudioToolbox,
					"-framework",
					Accelerate,
					"-framework",
					CoreMedia,
					"-framework",
					CoreGraphics,
					"-framework",
					CoreImage,
					"-framework",
					QuartzCore,
					"-framework",
					AVFoundation,
					"-framework",
					CoreVideo,
				);
				"OTHER_LDFLAGS[sdk=iphonesimulator*]" = (
					"$(inherited)",
					"-ObjC",
					"-lc++",
					"-force_load",
					"\"$(SRCROOT)/Frameworks/common/frameworks/graph_libraries/libMediaPipeTasksCommon_simulator_graph.a\"",
					"-framework",
					AudioToolbox,
					"-framework",
					Accelerate,
					"-framework",
					CoreMedia,
					"-framework",
					CoreGraphics,
					"-framework",
					CoreImage,
					"-framework",
					QuartzCore,
					"-framework",
					AVFoundation,
					"-framework",
					CoreVideo,
				);
				PRODUCT_BUNDLE_IDENTIFIER = art.lazying.lazyoracle;
				PRODUCT_NAME = "$(TARGET_NAME)";
				PROVISIONING_PROFILE_SPECIFIER = "LazyOracle App Store 1";
				SWIFT_EMIT_LOC_STRINGS = YES;
				TARGETED_DEVICE_FAMILY = "1,2";
			};
			name = "LazyOracle Release";
		};
		F91FBEA25642C0CD197F6122 /* LazyOracle Debug */ = {
			isa = XCBuildConfiguration;
			buildSettings = {
				CLANG_ENABLE_OBJC_WEAK = NO;
				GENERATE_INFOPLIST_FILE = YES;
				IPHONEOS_DEPLOYMENT_TARGET = 17.0;
				PRODUCT_BUNDLE_IDENTIFIER = art.lazying.auspice.uitests;
				PRODUCT_NAME = "$(TARGET_NAME)";
				SDKROOT = iphoneos;
				SWIFT_VERSION = 5.0;
				TARGETED_DEVICE_FAMILY = "1,2";
				TEST_TARGET_NAME = Auspice;
			};
			name = "LazyOracle Debug";
		};
		FE5F4E73B254292947A89931 /* LazyOracle Release */ = {
			isa = XCBuildConfiguration;
			buildSettings = {
				ALWAYS_SEARCH_USER_PATHS = NO;
				CLANG_ENABLE_MODULES = YES;
				CLANG_ENABLE_OBJC_ARC = YES;
				COPY_PHASE_STRIP = NO;
				ENABLE_NS_ASSERTIONS = NO;
				ENABLE_STRICT_OBJC_MSGSEND = YES;
				ENABLE_USER_SCRIPT_SANDBOXING = YES;
				GCC_NO_COMMON_BLOCKS = YES;
				IPHONEOS_DEPLOYMENT_TARGET = 17.0;
				MTL_ENABLE_DEBUG_INFO = NO;
				SDKROOT = iphoneos;
				SWIFT_COMPILATION_MODE = wholemodule;
				SWIFT_VERSION = 5.0;
				VALIDATE_PRODUCT = YES;
			};
			name = "LazyOracle Release";
		};
/* End XCBuildConfiguration section */

/* Begin XCConfigurationList section */
		553D79291110A9F59B59BCC1 /* Build configuration list for PBXNativeTarget "AuspiceUITests" */ = {
			isa = XCConfigurationList;
			buildConfigurations = (
				403D2B73AB549D1FC482D4E2 /* Release */,
				26F5DEBA820E2A77B3E9F07C /* Debug */,
				F91FBEA25642C0CD197F6122 /* LazyOracle Debug */,
				637CE8E5E4B21209AB06658A /* LazyOracle Release */,
			);
			defaultConfigurationIsVisible = 0;
			defaultConfigurationName = Release;
		};
		A1000050 /* Build configuration list for PBXProject "Auspice" */ = {
			isa = XCConfigurationList;
			buildConfigurations = (
				A1000060 /* Debug */,
				A1000061 /* Release */,
				9931F2537D2758BB7C0BE6E3 /* LazyOracle Debug */,
				FE5F4E73B254292947A89931 /* LazyOracle Release */,
			);
			defaultConfigurationIsVisible = 0;
			defaultConfigurationName = Release;
		};
		A1000051 /* Build configuration list for PBXNativeTarget "Auspice" */ = {
			isa = XCConfigurationList;
			buildConfigurations = (
				A1000070 /* Debug */,
				A1000071 /* Release */,
				46C7AC8E0C89868FA58EFF9C /* LazyOracle Debug */,
				D886704DDF724A58C20CB45F /* LazyOracle Release */,
			);
			defaultConfigurationIsVisible = 0;
			defaultConfigurationName = Release;
		};
/* End XCConfigurationList section */
	};
	rootObject = A1000040 /* Project object */;
}
